// !$*UTF8*$!
{
	archiveVersion = 1;
	classes = {
	};
	objectVersion = 50;
	objects = {

/* Begin PBXBuildFile section */
		16326A8A244C249D00D596AC /* AppDelegate.swift in Sources */ = {isa = PBXBuildFile; fileRef = 16326A89244C249D00D596AC /* AppDelegate.swift */; };
		16326A8C244C249D00D596AC /* SceneDelegate.swift in Sources */ = {isa = PBXBuildFile; fileRef = 16326A8B244C249D00D596AC /* SceneDelegate.swift */; };
		16326A8E244C249D00D596AC /* ViewController.swift in Sources */ = {isa = PBXBuildFile; fileRef = 16326A8D244C249D00D596AC /* ViewController.swift */; };
		16326A91244C249D00D596AC /* Main.storyboard in Resources */ = {isa = PBXBuildFile; fileRef = 16326A8F244C249D00D596AC /* Main.storyboard */; };
		16326A93244C249E00D596AC /* Assets.xcassets in Resources */ = {isa = PBXBuildFile; fileRef = 16326A92244C249E00D596AC /* Assets.xcassets */; };
		16326A96244C249E00D596AC /* LaunchScreen.storyboard in Resources */ = {isa = PBXBuildFile; fileRef = 16326A94244C249E00D596AC /* LaunchScreen.storyboard */; };
		705FF451221200024DA53E93 /* Pods_MadeForScan.framework in Frameworks */ = {isa = PBXBuildFile; fileRef = F43E6ED657FDA23BA1DE4513 /* Pods_MadeForScan.framework */; };
/* End PBXBuildFile section */

/* Begin PBXFileReference section */
		16326A86244C249D00D596AC /* MadeForScan.app */ = {isa = PBXFileReference; explicitFileType = wrapper.application; includeInIndex = 0; path = MadeForScan.app; sourceTree = BUILT_PRODUCTS_DIR; };
		16326A89244C249D00D596AC /* AppDelegate.swift */ = {isa = PBXFileReference; lastKnownFileType = sourcecode.swift; path = AppDelegate.swift; sourceTree = "<group>"; };
		16326A8B244C249D00D596AC /* SceneDelegate.swift */ = {isa = PBXFileReference; lastKnownFileType = sourcecode.swift; path = SceneDelegate.swift; sourceTree = "<group>"; };
		16326A8D244C249D00D596AC /* ViewController.swift */ = {isa = PBXFileReference; lastKnownFileType = sourcecode.swift; path = ViewController.swift; sourceTree = "<group>"; };
		16326A90244C249D00D596AC /* Base */ = {isa = PBXFileReference; lastKnownFileType = file.storyboard; name = Base; path = Base.lproj/Main.storyboard; sourceTree = "<group>"; };
		16326A92244C249E00D596AC /* Assets.xcassets */ = {isa = PBXFileReference; lastKnownFileType = folder.assetcatalog; path = Assets.xcassets; sourceTree = "<group>"; };
		16326A95244C249E00D596AC /* Base */ = {isa = PBXFileReference; lastKnownFileType = file.storyboard; name = Base; path = Base.lproj/LaunchScreen.storyboard; sourceTree = "<group>"; };
		16326A97244C249E00D596AC /* Info.plist */ = {isa = PBXFileReference; lastKnownFileType = text.plist.xml; path = Info.plist; sourceTree = "<group>"; };
		16326A9D244C282900D596AC /* MadeForScan.entitlements */ = {isa = PBXFileReference; lastKnownFileType = text.plist.entitlements; path = MadeForScan.entitlements; sourceTree = "<group>"; };
		45FC7D3C688F94B4B0CFB7E5 /* Pods-MadeForScan.release.xcconfig */ = {isa = PBXFileReference; includeInIndex = 1; lastKnownFileType = text.xcconfig; name = "Pods-MadeForScan.release.xcconfig"; path = "Target Support Files/Pods-MadeForScan/Pods-MadeForScan.release.xcconfig"; sourceTree = "<group>"; };
		DFB93C2495A6729EE0922627 /* Pods-MadeForScan.debug.xcconfig */ = {isa = PBXFileReference; includeInIndex = 1; lastKnownFileType = text.xcconfig; name = "Pods-MadeForScan.debug.xcconfig"; path = "Target Support Files/Pods-MadeForScan/Pods-MadeForScan.debug.xcconfig"; sourceTree = "<group>"; };
		F43E6ED657FDA23BA1DE4513 /* Pods_MadeForScan.framework */ = {isa = PBXFileReference; explicitFileType = wrapper.framework; includeInIndex = 0; path = Pods_MadeForScan.framework; sourceTree = BUILT_PRODUCTS_DIR; };
/* End PBXFileReference section */

/* Begin PBXFrameworksBuildPhase section */
		16326A83244C249D00D596AC /* Frameworks */ = {
			isa = PBXFrameworksBuildPhase;
			buildActionMask = 2147483647;
			files = (
				705FF451221200024DA53E93 /* Pods_MadeForScan.framework in Frameworks */,
			);
			runOnlyForDeploymentPostprocessing = 0;
		};
/* End PBXFrameworksBuildPhase section */

/* Begin PBXGroup section */
		16326A7D244C249D00D596AC = {
			isa = PBXGroup;
			children = (
				16326A88244C249D00D596AC /* MadeForScan */,
				16326A87244C249D00D596AC /* Products */,
				B23698D77B8A1BFA3593C4CA /* Pods */,
				4EEF7E2D2D0368B8A3A5A449 /* Frameworks */,
			);
			sourceTree = "<group>";
		};
		16326A87244C249D00D596AC /* Products */ = {
			isa = PBXGroup;
			children = (
				16326A86244C249D00D596AC /* MadeForScan.app */,
			);
			name = Products;
			sourceTree = "<group>";
		};
		16326A88244C249D00D596AC /* MadeForScan */ = {
			isa = PBXGroup;
			children = (
				16326A9D244C282900D596AC /* MadeForScan.entitlements */,
				16326A89244C249D00D596AC /* AppDelegate.swift */,
				16326A8B244C249D00D596AC /* SceneDelegate.swift */,
				16326A8D244C249D00D596AC /* ViewController.swift */,
				16326A8F244C249D00D596AC /* Main.storyboard */,
				16326A92244C249E00D596AC /* Assets.xcassets */,
				16326A94244C249E00D596AC /* LaunchScreen.storyboard */,
				16326A97244C249E00D596AC /* Info.plist */,
			);
			path = MadeForScan;
			sourceTree = "<group>";
		};
		4EEF7E2D2D0368B8A3A5A449 /* Frameworks */ = {
			isa = PBXGroup;
			children = (
				F43E6ED657FDA23BA1DE4513 /* Pods_MadeForScan.framework */,
			);
			name = Frameworks;
			sourceTree = "<group>";
		};
		B23698D77B8A1BFA3593C4CA /* Pods */ = {
			isa = PBXGroup;
			children = (
				DFB93C2495A6729EE0922627 /* Pods-MadeForScan.debug.xcconfig */,
				45FC7D3C688F94B4B0CFB7E5 /* Pods-MadeForScan.release.xcconfig */,
			);
			name = Pods;
			path = Pods;
			sourceTree = "<group>";
		};
/* End PBXGroup section */

/* Begin PBXNativeTarget section */
		16326A85244C249D00D596AC /* MadeForScan */ = {
			isa = PBXNativeTarget;
			buildConfigurationList = 16326A9A244C249E00D596AC /* Build configuration list for PBXNativeTarget "MadeForScan" */;
			buildPhases = (
				96E2E559DA370D7FB23C2812 /* [CP] Check Pods Manifest.lock */,
				16326A82244C249D00D596AC /* Sources */,
				16326A83244C249D00D596AC /* Frameworks */,
				16326A84244C249D00D596AC /* Resources */,
				C530087AF6D4161D8A8A69FA /* [CP] Embed Pods Frameworks */,
			);
			buildRules = (
			);
			dependencies = (
			);
			name = MadeForScan;
			productName = MadeForScan;
			productReference = 16326A86244C249D00D596AC /* MadeForScan.app */;
			productType = "com.apple.product-type.application";
		};
/* End PBXNativeTarget section */

/* Begin PBXProject section */
		16326A7E244C249D00D596AC /* Project object */ = {
			isa = PBXProject;
			attributes = {
				LastSwiftUpdateCheck = 1140;
				LastUpgradeCheck = 1140;
				ORGANIZATIONNAME = "Wasith Theerapattrathamrong";
				TargetAttributes = {
					16326A85244C249D00D596AC = {
						CreatedOnToolsVersion = 11.4.1;
					};
				};
			};
			buildConfigurationList = 16326A81244C249D00D596AC /* Build configuration list for PBXProject "MadeForScan" */;
			compatibilityVersion = "Xcode 9.3";
			developmentRegion = en;
			hasScannedForEncodings = 0;
			knownRegions = (
				en,
				Base,
			);
			mainGroup = 16326A7D244C249D00D596AC;
			productRefGroup = 16326A87244C249D00D596AC /* Products */;
			projectDirPath = "";
			projectRoot = "";
			targets = (
				16326A85244C249D00D596AC /* MadeForScan */,
			);
		};
/* End PBXProject section */

/* Begin PBXResourcesBuildPhase section */
		16326A84244C249D00D596AC /* Resources */ = {
			isa = PBXResourcesBuildPhase;
			buildActionMask = 2147483647;
			files = (
				16326A96244C249E00D596AC /* LaunchScreen.storyboard in Resources */,
				16326A93244C249E00D596AC /* Assets.xcassets in Resources */,
				16326A91244C249D00D596AC /* Main.storyboard in Resources */,
			);
			runOnlyForDeploymentPostprocessing = 0;
		};
/* End PBXResourcesBuildPhase section */

/* Begin PBXShellScriptBuildPhase section */
		96E2E559DA370D7FB23C2812 /* [CP] Check Pods Manifest.lock */ = {
			isa = PBXShellScriptBuildPhase;
			buildActionMask = 2147483647;
			files = (
			);
			inputFileListPaths = (
			);
			inputPaths = (
				"${PODS_PODFILE_DIR_PATH}/Podfile.lock",
				"${PODS_ROOT}/Manifest.lock",
			);
			name = "[CP] Check Pods Manifest.lock";
			outputFileListPaths = (
			);
			outputPaths = (
				"$(DERIVED_FILE_DIR)/Pods-MadeForScan-checkManifestLockResult.txt",
			);
			runOnlyForDeploymentPostprocessing = 0;
			shellPath = /bin/sh;
			shellScript = "diff \"${PODS_PODFILE_DIR_PATH}/Podfile.lock\" \"${PODS_ROOT}/Manifest.lock\" > /dev/null\nif [ $? != 0 ] ; then\n    # print error to STDERR\n    echo \"error: The sandbox is not in sync with the Podfile.lock. Run 'pod install' or update your CocoaPods installation.\" >&2\n    exit 1\nfi\n# This output is used by Xcode 'outputs' to avoid re-running this script phase.\necho \"SUCCESS\" > \"${SCRIPT_OUTPUT_FILE_0}\"\n";
			showEnvVarsInLog = 0;
		};
		C530087AF6D4161D8A8A69FA /* [CP] Embed Pods Frameworks */ = {
			isa = PBXShellScriptBuildPhase;
			buildActionMask = 2147483647;
			files = (
			);
			inputFileListPaths = (
				"${PODS_ROOT}/Target Support Files/Pods-MadeForScan/Pods-MadeForScan-frameworks-${CONFIGURATION}-input-files.xcfilelist",
			);
			name = "[CP] Embed Pods Frameworks";
			outputFileListPaths = (
				"${PODS_ROOT}/Target Support Files/Pods-MadeForScan/Pods-MadeForScan-frameworks-${CONFIGURATION}-output-files.xcfilelist",
			);
			runOnlyForDeploymentPostprocessing = 0;
			shellPath = /bin/sh;
			shellScript = "\"${PODS_ROOT}/Target Support Files/Pods-MadeForScan/Pods-MadeForScan-frameworks.sh\"\n";
			showEnvVarsInLog = 0;
		};
/* End PBXShellScriptBuildPhase section */

/* Begin PBXSourcesBuildPhase section */
		16326A82244C249D00D596AC /* Sources */ = {
			isa = PBXSourcesBuildPhase;
			buildActionMask = 2147483647;
			files = (
				16326A8E244C249D00D596AC /* ViewController.swift in Sources */,
				16326A8A244C249D00D596AC /* AppDelegate.swift in Sources */,
				16326A8C244C249D00D596AC /* SceneDelegate.swift in Sources */,
			);
			runOnlyForDeploymentPostprocessing = 0;
		};
/* End PBXSourcesBuildPhase section */

/* Begin PBXVariantGroup section */
		16326A8F244C249D00D596AC /* Main.storyboard */ = {
			isa = PBXVariantGroup;
			children = (
				16326A90244C249D00D596AC /* Base */,
			);
			name = Main.storyboard;
			sourceTree = "<group>";
		};
		16326A94244C249E00D596AC /* LaunchScreen.storyboard */ = {
			isa = PBXVariantGroup;
			children = (
				16326A95244C249E00D596AC /* Base */,
			);
			name = LaunchScreen.storyboard;
			sourceTree = "<group>";
		};
/* End PBXVariantGroup section */

/* Begin XCBuildConfiguration section */
		16326A98244C249E00D596AC /* Debug */ = {
			isa = XCBuildConfiguration;
			buildSettings = {
				ALWAYS_SEARCH_USER_PATHS = NO;
				CLANG_ANALYZER_NONNULL = YES;
				CLANG_ANALYZER_NUMBER_OBJECT_CONVERSION = YES_AGGRESSIVE;
				CLANG_CXX_LANGUAGE_STANDARD = "gnu++14";
				CLANG_CXX_LIBRARY = "libc++";
				CLANG_ENABLE_MODULES = YES;
				CLANG_ENABLE_OBJC_ARC = YES;
				CLANG_ENABLE_OBJC_WEAK = YES;
				CLANG_WARN_BLOCK_CAPTURE_AUTORELEASING = YES;
				CLANG_WARN_BOOL_CONVERSION = YES;
				CLANG_WARN_COMMA = YES;
				CLANG_WARN_CONSTANT_CONVERSION = YES;
				CLANG_WARN_DEPRECATED_OBJC_IMPLEMENTATIONS = YES;
				CLANG_WARN_DIRECT_OBJC_ISA_USAGE = YES_ERROR;
				CLANG_WARN_DOCUMENTATION_COMMENTS = YES;
				CLANG_WARN_EMPTY_BODY = YES;
				CLANG_WARN_ENUM_CONVERSION = YES;
				CLANG_WARN_INFINITE_RECURSION = YES;
				CLANG_WARN_INT_CONVERSION = YES;
				CLANG_WARN_NON_LITERAL_NULL_CONVERSION = YES;
				CLANG_WARN_OBJC_IMPLICIT_RETAIN_SELF = YES;
				CLANG_WARN_OBJC_LITERAL_CONVERSION = YES;
				CLANG_WARN_OBJC_ROOT_CLASS = YES_ERROR;
				CLANG_WARN_RANGE_LOOP_ANALYSIS = YES;
				CLANG_WARN_STRICT_PROTOTYPES = YES;
				CLANG_WARN_SUSPICIOUS_MOVE = YES;
				CLANG_WARN_UNGUARDED_AVAILABILITY = YES_AGGRESSIVE;
				CLANG_WARN_UNREACHABLE_CODE = YES;
				CLANG_WARN__DUPLICATE_METHOD_MATCH = YES;
				COPY_PHASE_STRIP = NO;
				DEBUG_INFORMATION_FORMAT = dwarf;
				ENABLE_STRICT_OBJC_MSGSEND = YES;
				ENABLE_TESTABILITY = YES;
				GCC_C_LANGUAGE_STANDARD = gnu11;
				GCC_DYNAMIC_NO_PIC = NO;
				GCC_NO_COMMON_BLOCKS = YES;
				GCC_OPTIMIZATION_LEVEL = 0;
				GCC_PREPROCESSOR_DEFINITIONS = (
					"DEBUG=1",
					"$(inherited)",
				);
				GCC_WARN_64_TO_32_BIT_CONVERSION = YES;
				GCC_WARN_ABOUT_RETURN_TYPE = YES_ERROR;
				GCC_WARN_UNDECLARED_SELECTOR = YES;
				GCC_WARN_UNINITIALIZED_AUTOS = YES_AGGRESSIVE;
				GCC_WARN_UNUSED_FUNCTION = YES;
				GCC_WARN_UNUSED_VARIABLE = YES;
				IPHONEOS_DEPLOYMENT_TARGET = 13.4;
				MTL_ENABLE_DEBUG_INFO = INCLUDE_SOURCE;
				MTL_FAST_MATH = YES;
				ONLY_ACTIVE_ARCH = YES;
				SDKROOT = iphoneos;
				SWIFT_ACTIVE_COMPILATION_CONDITIONS = DEBUG;
				SWIFT_OPTIMIZATION_LEVEL = "-Onone";
			};
			name = Debug;
		};
		16326A99244C249E00D596AC /* Release */ = {
			isa = XCBuildConfiguration;
			buildSettings = {
				ALWAYS_SEARCH_USER_PATHS = NO;
				CLANG_ANALYZER_NONNULL = YES;
				CLANG_ANALYZER_NUMBER_OBJECT_CONVERSION = YES_AGGRESSIVE;
				CLANG_CXX_LANGUAGE_STANDARD = "gnu++14";
				CLANG_CXX_LIBRARY = "libc++";
				CLANG_ENABLE_MODULES = YES;
				CLANG_ENABLE_OBJC_ARC = YES;
				CLANG_ENABLE_OBJC_WEAK = YES;
				CLANG_WARN_BLOCK_CAPTURE_AUTORELEASING = YES;
				CLANG_WARN_BOOL_CONVERSION = YES;
				CLANG_WARN_COMMA = YES;
				CLANG_WARN_CONSTANT_CONVERSION = YES;
				CLANG_WARN_DEPRECATED_OBJC_IMPLEMENTATIONS = YES;
				CLANG_WARN_DIRECT_OBJC_ISA_USAGE = YES_ERROR;
				CLANG_WARN_DOCUMENTATION_COMMENTS = YES;
				CLANG_WARN_EMPTY_BODY = YES;
				CLANG_WARN_ENUM_CONVERSION = YES;
				CLANG_WARN_INFINITE_RECURSION = YES;
				CLANG_WARN_INT_CONVERSION = YES;
				CLANG_WARN_NON_LITERAL_NULL_CONVERSION = YES;
				CLANG_WARN_OBJC_IMPLICIT_RETAIN_SELF = YES;
				CLANG_WARN_OBJC_LITERAL_CONVERSION = YES;
				CLANG_WARN_OBJC_ROOT_CLASS = YES_ERROR;
				CLANG_WARN_RANGE_LOOP_ANALYSIS = YES;
				CLANG_WARN_STRICT_PROTOTYPES = YES;
				CLANG_WARN_SUSPICIOUS_MOVE = YES;
				CLANG_WARN_UNGUARDED_AVAILABILITY = YES_AGGRESSIVE;
				CLANG_WARN_UNREACHABLE_CODE = YES;
				CLANG_WARN__DUPLICATE_METHOD_MATCH = YES;
				COPY_PHASE_STRIP = NO;
				DEBUG_INFORMATION_FORMAT = "dwarf-with-dsym";
				ENABLE_NS_ASSERTIONS = NO;
				ENABLE_STRICT_OBJC_MSGSEND = YES;
				GCC_C_LANGUAGE_STANDARD = gnu11;
				GCC_NO_COMMON_BLOCKS = YES;
				GCC_WARN_64_TO_32_BIT_CONVERSION = YES;
				GCC_WARN_ABOUT_RETURN_TYPE = YES_ERROR;
				GCC_WARN_UNDECLARED_SELECTOR = YES;
				GCC_WARN_UNINITIALIZED_AUTOS = YES_AGGRESSIVE;
				GCC_WARN_UNUSED_FUNCTION = YES;
				GCC_WARN_UNUSED_VARIABLE = YES;
				IPHONEOS_DEPLOYMENT_TARGET = 13.4;
				MTL_ENABLE_DEBUG_INFO = NO;
				MTL_FAST_MATH = YES;
				SDKROOT = iphoneos;
				SWIFT_COMPILATION_MODE = wholemodule;
				SWIFT_OPTIMIZATION_LEVEL = "-O";
				VALIDATE_PRODUCT = YES;
			};
			name = Release;
		};
		16326A9B244C249E00D596AC /* Debug */ = {
			isa = XCBuildConfiguration;
			baseConfigurationReference = DFB93C2495A6729EE0922627 /* Pods-MadeForScan.debug.xcconfig */;
			buildSettings = {
				ASSETCATALOG_COMPILER_APPICON_NAME = AppIcon;
				CODE_SIGN_ENTITLEMENTS = MadeForScan/MadeForScan.entitlements;
				CODE_SIGN_STYLE = Automatic;
				INFOPLIST_FILE = MadeForScan/Info.plist;
				IPHONEOS_DEPLOYMENT_TARGET = 8.0;
				LD_RUNPATH_SEARCH_PATHS = (
					"$(inherited)",
					"@executable_path/Frameworks",
				);
				PRODUCT_BUNDLE_IDENTIFIER = com.github.ph9.MadeForScan;
				PRODUCT_NAME = "$(TARGET_NAME)";
				SUPPORTS_MACCATALYST = YES;
				SWIFT_VERSION = 5.0;
				TARGETED_DEVICE_FAMILY = "1,2";
			};
			name = Debug;
		};
		16326A9C244C249E00D596AC /* Release */ = {
			isa = XCBuildConfiguration;
			baseConfigurationReference = 45FC7D3C688F94B4B0CFB7E5 /* Pods-MadeForScan.release.xcconfig */;
			buildSettings = {
				ASSETCATALOG_COMPILER_APPICON_NAME = AppIcon;
				CODE_SIGN_ENTITLEMENTS = MadeForScan/MadeForScan.entitlements;
				CODE_SIGN_STYLE = Automatic;
				INFOPLIST_FILE = MadeForScan/Info.plist;
				IPHONEOS_DEPLOYMENT_TARGET = 8.0;
				LD_RUNPATH_SEARCH_PATHS = (
					"$(inherited)",
					"@executable_path/Frameworks",
				);
				PRODUCT_BUNDLE_IDENTIFIER = com.github.ph9.MadeForScan;
				PRODUCT_NAME = "$(TARGET_NAME)";
				SUPPORTS_MACCATALYST = YES;
				SWIFT_VERSION = 5.0;
				TARGETED_DEVICE_FAMILY = "1,2";
			};
			name = Release;
		};
/* End XCBuildConfiguration section */

/* Begin XCConfigurationList section */
		16326A81244C249D00D596AC /* Build configuration list for PBXProject "MadeForScan" */ = {
			isa = XCConfigurationList;
			buildConfigurations = (
				16326A98244C249E00D596AC /* Debug */,
				16326A99244C249E00D596AC /* Release */,
			);
			defaultConfigurationIsVisible = 0;
			defaultConfigurationName = Release;
		};
		16326A9A244C249E00D596AC /* Build configuration list for PBXNativeTarget "MadeForScan" */ = {
			isa = XCConfigurationList;
			buildConfigurations = (
				16326A9B244C249E00D596AC /* Debug */,
				16326A9C244C249E00D596AC /* Release */,
			);
			defaultConfigurationIsVisible = 0;
			defaultConfigurationName = Release;
		};
/* End XCConfigurationList section */
	};
	rootObject = 16326A7E244C249D00D596AC /* Project object */;
}
